
Microsoft Visual Studio Solution File, Format Version 12.00
# Visual Studio Version 16
VisualStudioVersion = 16.0.30804.86
MinimumVisualStudioVersion = 10.0.40219.1
Project("{FAE04EC0-301F-11D3-BF4B-00C04F79EFBC}") = "Fitness.BL", "Fitness.BL\Fitness.BL.csproj", "{BA611F93-D870-42AF-BE2A-B84D23930BF7}"
EndProject
Project("{FAE04EC0-301F-11D3-BF4B-00C04F79EFBC}") = "Fitness.CMD", "Fitness.CMD\Fitness.CMD.csproj", "{15229C25-36F5-47EE-BF15-B4EC25E38762}"
EndProject
Global
	GlobalSection(SolutionConfigurationPlatforms) = preSolution
		Debug|Any CPU = Debug|Any CPU
		Release|Any CPU = Release|Any CPU
	EndGlobalSection
	GlobalSection(ProjectConfigurationPlatforms) = postSolution
		{BA611F93-D870-42AF-BE2A-B84D23930BF7}.Debug|Any CPU.ActiveCfg = Debug|Any CPU
		{BA611F93-D870-42AF-BE2A-B84D23930BF7}.Debug|Any CPU.Build.0 = Debug|Any CPU
		{BA611F93-D870-42AF-BE2A-B84D23930BF7}.Release|Any CPU.ActiveCfg = Release|Any CPU
		{BA611F93-D870-42AF-BE2A-B84D23930BF7}.Release|Any CPU.Build.0 = Release|Any CPU
		{15229C25-36F5-47EE-BF15-B4EC25E38762}.Debug|Any CPU.ActiveCfg = Debug|Any CPU
		{15229C25-36F5-47EE-BF15-B4EC25E38762}.Debug|Any CPU.Build.0 = Debug|Any CPU
		{15229C25-36F5-47EE-BF15-B4EC25E38762}.Release|Any CPU.ActiveCfg = Release|Any CPU
		{15229C25-36F5-47EE-BF15-B4EC25E38762}.Release|Any CPU.Build.0 = Release|Any CPU
	EndGlobalSection
	GlobalSection(SolutionProperties) = preSolution
		HideSolutionNode = FALSE
	EndGlobalSection
	GlobalSection(ExtensibilityGlobals) = postSolution
		SolutionGuid = {770F2DBC-2FED-4105-9E6C-9D1BCFB38B23}
	EndGlobalSection
EndGlobal
